<?xml version="1.0" encoding="utf-8"?>
<Project ToolsVersion="4.0" xmlns="http://schemas.microsoft.com/developer/msbuild/2003">
  <ItemGroup>
    <Filter Include="Source Files">
      <UniqueIdentifier>{4FC737F1-C7A5-4376-A066-2A32D752A2FF}</UniqueIdentifier>
      <Extensions>cpp;c;cc;cxx;def;odl;idl;hpj;bat;asm;asmx</Extensions>
    </Filter>
    <Filter Include="Header Files">
      <UniqueIdentifier>{93995380-89BD-4b04-88EB-625FBE52EBFB}</UniqueIdentifier>
      <Extensions>h;hh;hpp;hxx;hm;inl;inc;xsd</Extensions>
    </Filter>
    <Filter Include="Resource Files">
      <UniqueIdentifier>{67DA6AB6-F800-4c08-8B7A-83BB121AAD01}</UniqueIdentifier>
      <Extensions>rc;ico;cur;bmp;dlg;rc2;rct;bin;rgs;gif;jpg;jpeg;jpe;resx;tiff;tif;png;wav;mfcribbon-ms</Extensions>
    </Filter>
  </ItemGroup>
  <ItemGroup>
    <ClCompile Include="Main.cpp">
      <Filter>Source Files</Filter>
    </ClCompile>
  </ItemGroup>
  <ItemGroup>
    <Library Include="..\..\sdl\lib\x86\SDL2.lib" />
    <Library Include="..\..\sdl\lib\x86\SDL2main.lib" />
    <Library Include="..\..\sdl\lib\x86\SDL2_ttf.lib" />
    <Library Include="..\..\sdl\lib\x86\SDL2_image.lib" />
    <Library Include="..\..\sdl\lib\x86\SDL2_net.lib" />
  </ItemGroup>
  <ItemGroup>
    <Font Include="LiberationMono-Regular.ttf">
      <Filter>Resource Files</Filter>
    </Font>
    <Font Include="arial.ttf">
      <Filter>Resource Files</Filter>
    </Font>
  </ItemGroup>
  <ItemGroup>
    <Image Include="Shrubbery64x64.png">
      <Filter>Resource Files</Filter>
    </Image>
    <Image Include="Shrubbery128.ico">
      <Filter>Resource Files</Filter>
    </Image>
    <Image Include="Shrubbery16.ico">
      <Filter>Resource Files</Filter>
    </Image>
    <Image Include="Shrubbery32.ico">
      <Filter>Resource Files</Filter>
    </Image>
    <Image Include="Shrubbery64.ico">
      <Filter>Resource Files</Filter>
    </Image>
  </ItemGroup>
  <ItemGroup>
    <None Include="libjpeg-9.dll" />
    <None Include="libpng16-16.dll" />
    <None Include="libtiff-5.dll" />
    <None Include="libwebp-4.dll" />
    <None Include="SDL2_image.dll" />
    <None Include="SDL2_net.dll" />
    <None Include="SDL2_ttf.dll" />
    <None Include="zlib1.dll" />
    <None Include="SDL2.dll" />
  </ItemGroup>
  <ItemGroup>
    <ClInclude Include="resource.h">
      <Filter>Header Files</Filter>
    </ClInclude>
  </ItemGroup>
  <ItemGroup>
    <ResourceCompile Include="Client.rc">
      <Filter>Resource Files</Filter>
    </ResourceCompile>
  </ItemGroup>
  <ItemGroup>
    <EmbeddedResource Include="libfreetype-6.dll" />
  </ItemGroup>
</Project>